
Microsoft Visual Studio Solution File, Format Version 12.00
# Visual Studio 15
VisualStudioVersion = 15.0.27130.2020
MinimumVisualStudioVersion = 10.0.40219.1
Project("{8BC9CEB8-8B4A-11D0-8D11-00A0C91BC942}") = "순환", "순환\순환.vcxproj", "{4D1B6C28-BD43-4A9D-8E18-B0BC82403B17}"
EndProject
Project("{8BC9CEB8-8B4A-11D0-8D11-00A0C91BC942}") = "순환과 반복", "순환과 반복\순환과 반복.vcxproj", "{55C1B3DE-DF8C-40F6-9A86-661F3FA54A98}"
EndProject
Project("{8BC9CEB8-8B4A-11D0-8D11-00A0C91BC942}") = "순환의 원리", "순환의 원리\순환의 원리.vcxproj", "{599D4B81-9DA5-4EA4-916E-4B5ED34B2607}"
EndProject
Project("{8BC9CEB8-8B4A-11D0-8D11-00A0C91BC942}") = "거듭제곱 값 계산", "거듭제곱 값 계산\거듭제곱 값 계산.vcxproj", "{6A83CEDD-8E64-4BBC-A385-7657A999E4DF}"
EndProject
Project("{8BC9CEB8-8B4A-11D0-8D11-00A0C91BC942}") = "피보나치수열의 계산", "피보나치수열의 계산\피보나치수열의 계산.vcxproj", "{71B8B5CC-4EC2-43A5-8AB2-6671468E9379}"
EndProject
Project("{8BC9CEB8-8B4A-11D0-8D11-00A0C91BC942}") = "하노이 탑 문제", "하노이 탑 문제\하노이 탑 문제.vcxproj", "{B3A67227-2F71-4C58-940C-6B2ABBEC3347}"
EndProject
Project("{8BC9CEB8-8B4A-11D0-8D11-00A0C91BC942}") = "다중 순환", "다중 순환\다중 순환.vcxproj", "{26BABE67-48D7-420F-AB3E-8AB4110DB75F}"
EndProject
Project("{8BC9CEB8-8B4A-11D0-8D11-00A0C91BC942}") = "미로 탐색 문제", "미로 탐색 문제\미로 탐색 문제.vcxproj", "{5D30B989-F23E-4122-B05F-E6A01EB63D77}"
EndProject
Global
	GlobalSection(SolutionConfigurationPlatforms) = preSolution
		Debug|x64 = Debug|x64
		Debug|x86 = Debug|x86
		Release|x64 = Release|x64
		Release|x86 = Release|x86
	EndGlobalSection
	GlobalSection(ProjectConfigurationPlatforms) = postSolution
		{4D1B6C28-BD43-4A9D-8E18-B0BC82403B17}.Debug|x64.ActiveCfg = Debug|x64
		{4D1B6C28-BD43-4A9D-8E18-B0BC82403B17}.Debug|x64.Build.0 = Debug|x64
		{4D1B6C28-BD43-4A9D-8E18-B0BC82403B17}.Debug|x86.ActiveCfg = Debug|Win32
		{4D1B6C28-BD43-4A9D-8E18-B0BC82403B17}.Debug|x86.Build.0 = Debug|Win32
		{4D1B6C28-BD43-4A9D-8E18-B0BC82403B17}.Release|x64.ActiveCfg = Release|x64
		{4D1B6C28-BD43-4A9D-8E18-B0BC82403B17}.Release|x64.Build.0 = Release|x64
		{4D1B6C28-BD43-4A9D-8E18-B0BC82403B17}.Release|x86.ActiveCfg = Release|Win32
		{4D1B6C28-BD43-4A9D-8E18-B0BC82403B17}.Release|x86.Build.0 = Release|Win32
		{55C1B3DE-DF8C-40F6-9A86-661F3FA54A98}.Debug|x64.ActiveCfg = Debug|x64
		{55C1B3DE-DF8C-40F6-9A86-661F3FA54A98}.Debug|x64.Build.0 = Debug|x64
		{55C1B3DE-DF8C-40F6-9A86-661F3FA54A98}.Debug|x86.ActiveCfg = Debug|Win32
		{55C1B3DE-DF8C-40F6-9A86-661F3FA54A98}.Debug|x86.Build.0 = Debug|Win32
		{55C1B3DE-DF8C-40F6-9A86-661F3FA54A98}.Release|x64.ActiveCfg = Release|x64
		{55C1B3DE-DF8C-40F6-9A86-661F3FA54A98}.Release|x64.Build.0 = Release|x64
		{55C1B3DE-DF8C-40F6-9A86-661F3FA54A98}.Release|x86.ActiveCfg = Release|Win32
		{55C1B3DE-DF8C-40F6-9A86-661F3FA54A98}.Release|x86.Build.0 = Release|Win32
		{599D4B81-9DA5-4EA4-916E-4B5ED34B2607}.Debug|x64.ActiveCfg = Debug|x64
		{599D4B81-9DA5-4EA4-916E-4B5ED34B2607}.Debug|x64.Build.0 = Debug|x64
		{599D4B81-9DA5-4EA4-916E-4B5ED34B2607}.Debug|x86.ActiveCfg = Debug|Win32
		{599D4B81-9DA5-4EA4-916E-4B5ED34B2607}.Debug|x86.Build.0 = Debug|Win32
		{599D4B81-9DA5-4EA4-916E-4B5ED34B2607}.Release|x64.ActiveCfg = Release|x64
		{599D4B81-9DA5-4EA4-916E-4B5ED34B2607}.Release|x64.Build.0 = Release|x64
		{599D4B81-9DA5-4EA4-916E-4B5ED34B2607}.Release|x86.ActiveCfg = Release|Win32
		{599D4B81-9DA5-4EA4-916E-4B5ED34B2607}.Release|x86.Build.0 = Release|Win32
		{6A83CEDD-8E64-4BBC-A385-7657A999E4DF}.Debug|x64.ActiveCfg = Debug|x64
		{6A83CEDD-8E64-4BBC-A385-7657A999E4DF}.Debug|x64.Build.0 = Debug|x64
		{6A83CEDD-8E64-4BBC-A385-7657A999E4DF}.Debug|x86.ActiveCfg = Debug|Win32
		{6A83CEDD-8E64-4BBC-A385-7657A999E4DF}.Debug|x86.Build.0 = Debug|Win32
		{6A83CEDD-8E64-4BBC-A385-7657A999E4DF}.Release|x64.ActiveCfg = Release|x64
		{6A83CEDD-8E64-4BBC-A385-7657A999E4DF}.Release|x64.Build.0 = Release|x64
		{6A83CEDD-8E64-4BBC-A385-7657A999E4DF}.Release|x86.ActiveCfg = Release|Win32
		{6A83CEDD-8E64-4BBC-A385-7657A999E4DF}.Release|x86.Build.0 = Release|Win32
		{71B8B5CC-4EC2-43A5-8AB2-6671468E9379}.Debug|x64.ActiveCfg = Debug|x64
		{71B8B5CC-4EC2-43A5-8AB2-6671468E9379}.Debug|x64.Build.0 = Debug|x64
		{71B8B5CC-4EC2-43A5-8AB2-6671468E9379}.Debug|x86.ActiveCfg = Debug|Win32
		{71B8B5CC-4EC2-43A5-8AB2-6671468E9379}.Debug|x86.Build.0 = Debug|Win32
		{71B8B5CC-4EC2-43A5-8AB2-6671468E9379}.Release|x64.ActiveCfg = Release|x64
		{71B8B5CC-4EC2-43A5-8AB2-6671468E9379}.Release|x64.Build.0 = Release|x64
		{71B8B5CC-4EC2-43A5-8AB2-6671468E9379}.Release|x86.ActiveCfg = Release|Win32
		{71B8B5CC-4EC2-43A5-8AB2-6671468E9379}.Release|x86.Build.0 = Release|Win32
		{B3A67227-2F71-4C58-940C-6B2ABBEC3347}.Debug|x64.ActiveCfg = Debug|x64
		{B3A67227-2F71-4C58-940C-6B2ABBEC3347}.Debug|x64.Build.0 = Debug|x64
		{B3A67227-2F71-4C58-940C-6B2ABBEC3347}.Debug|x86.ActiveCfg = Debug|Win32
		{B3A67227-2F71-4C58-940C-6B2ABBEC3347}.Debug|x86.Build.0 = Debug|Win32
		{B3A67227-2F71-4C58-940C-6B2ABBEC3347}.Release|x64.ActiveCfg = Release|x64
		{B3A67227-2F71-4C58-940C-6B2ABBEC3347}.Release|x64.Build.0 = Release|x64
		{B3A67227-2F71-4C58-940C-6B2ABBEC3347}.Release|x86.ActiveCfg = Release|Win32
		{B3A67227-2F71-4C58-940C-6B2ABBEC3347}.Release|x86.Build.0 = Release|Win32
		{26BABE67-48D7-420F-AB3E-8AB4110DB75F}.Debug|x64.ActiveCfg = Debug|x64
		{26BABE67-48D7-420F-AB3E-8AB4110DB75F}.Debug|x64.Build.0 = Debug|x64
		{26BABE67-48D7-420F-AB3E-8AB4110DB75F}.Debug|x86.ActiveCfg = Debug|Win32
		{26BABE67-48D7-420F-AB3E-8AB4110DB75F}.Debug|x86.Build.0 = Debug|Win32
		{26BABE67-48D7-420F-AB3E-8AB4110DB75F}.Release|x64.ActiveCfg = Release|x64
		{26BABE67-48D7-420F-AB3E-8AB4110DB75F}.Release|x64.Build.0 = Release|x64
		{26BABE67-48D7-420F-AB3E-8AB4110DB75F}.Release|x86.ActiveCfg = Release|Win32
		{26BABE67-48D7-420F-AB3E-8AB4110DB75F}.Release|x86.Build.0 = Release|Win32
		{5D30B989-F23E-4122-B05F-E6A01EB63D77}.Debug|x64.ActiveCfg = Debug|x64
		{5D30B989-F23E-4122-B05F-E6A01EB63D77}.Debug|x64.Build.0 = Debug|x64
		{5D30B989-F23E-4122-B05F-E6A01EB63D77}.Debug|x86.ActiveCfg = Debug|Win32
		{5D30B989-F23E-4122-B05F-E6A01EB63D77}.Debug|x86.Build.0 = Debug|Win32
		{5D30B989-F23E-4122-B05F-E6A01EB63D77}.Release|x64.ActiveCfg = Release|x64
		{5D30B989-F23E-4122-B05F-E6A01EB63D77}.Release|x64.Build.0 = Release|x64
		{5D30B989-F23E-4122-B05F-E6A01EB63D77}.Release|x86.ActiveCfg = Release|Win32
		{5D30B989-F23E-4122-B05F-E6A01EB63D77}.Release|x86.Build.0 = Release|Win32
	EndGlobalSection
	GlobalSection(SolutionProperties) = preSolution
		HideSolutionNode = FALSE
	EndGlobalSection
	GlobalSection(ExtensibilityGlobals) = postSolution
		SolutionGuid = {F3C7878C-B285-462D-AA4B-B12B638B4A8F}
	EndGlobalSection
EndGlobal
