
Microsoft Visual Studio Solution File, Format Version 12.00
# Visual Studio 15
VisualStudioVersion = 15.0.26430.16
MinimumVisualStudioVersion = 10.0.40219.1
Project("{8BC9CEB8-8B4A-11D0-8D11-00A0C91BC942}") = "큐", "큐\큐.vcxproj", "{D686510E-EBEB-49C8-A73C-A9E0B7C62AF3}"
EndProject
Project("{8BC9CEB8-8B4A-11D0-8D11-00A0C91BC942}") = "덱", "덱\덱.vcxproj", "{FD333286-6F9B-4706-9E80-3A57CE7C81C8}"
EndProject
Project("{8BC9CEB8-8B4A-11D0-8D11-00A0C91BC942}") = "은행 서비스 시뮬레이션", "은행 서비스 시뮬레이션\은행 서비스 시뮬레이션.vcxproj", "{78A01474-AAE6-466F-9709-EBA7F42CAF0B}"
EndProject
Project("{8BC9CEB8-8B4A-11D0-8D11-00A0C91BC942}") = "덱의 응용 미로 탐색 프로그램", "덱의 응용 미로 탐색 프로그램\덱의 응용 미로 탐색 프로그램.vcxproj", "{B8E1344A-6366-4608-816B-3999FF5C2AB9}"
EndProject
Project("{8BC9CEB8-8B4A-11D0-8D11-00A0C91BC942}") = "미로 탐색 프로그램", "미로 탐색 프로그램\미로 탐색 프로그램.vcxproj", "{25836690-2FAF-4CC4-A5C2-07D612CAFDE3}"
EndProject
Project("{8BC9CEB8-8B4A-11D0-8D11-00A0C91BC942}") = "덱을 이용한 DFS 탐색", "덱을 이용한 DFS 탐색\덱을 이용한 DFS 탐색.vcxproj", "{78D5F2D5-FE49-47EE-BD6C-B921AF726043}"
EndProject
Project("{8BC9CEB8-8B4A-11D0-8D11-00A0C91BC942}") = "덱을 이용한 BFS 탐색", "덱을 이용한 BFS 탐색\덱을 이용한 BFS 탐색.vcxproj", "{22D5A50B-F15C-40E2-BE32-E0471FC0A7A0}"
EndProject
Project("{8BC9CEB8-8B4A-11D0-8D11-00A0C91BC942}") = "피보나치 수열", "피보나치 수열\피보나치 수열.vcxproj", "{9EC93C6A-17C3-4409-B443-47A4D4B6F34A}"
EndProject
Project("{8BC9CEB8-8B4A-11D0-8D11-00A0C91BC942}") = "미팅 주선 프로그램", "미팅 주선 프로그램\미팅 주선 프로그램.vcxproj", "{1E3D4044-2EC4-4DDC-8CE6-4A966415FC16}"
EndProject
Global
	GlobalSection(SolutionConfigurationPlatforms) = preSolution
		Debug|x64 = Debug|x64
		Debug|x86 = Debug|x86
		Release|x64 = Release|x64
		Release|x86 = Release|x86
	EndGlobalSection
	GlobalSection(ProjectConfigurationPlatforms) = postSolution
		{D686510E-EBEB-49C8-A73C-A9E0B7C62AF3}.Debug|x64.ActiveCfg = Debug|x64
		{D686510E-EBEB-49C8-A73C-A9E0B7C62AF3}.Debug|x64.Build.0 = Debug|x64
		{D686510E-EBEB-49C8-A73C-A9E0B7C62AF3}.Debug|x86.ActiveCfg = Debug|Win32
		{D686510E-EBEB-49C8-A73C-A9E0B7C62AF3}.Debug|x86.Build.0 = Debug|Win32
		{D686510E-EBEB-49C8-A73C-A9E0B7C62AF3}.Release|x64.ActiveCfg = Release|x64
		{D686510E-EBEB-49C8-A73C-A9E0B7C62AF3}.Release|x64.Build.0 = Release|x64
		{D686510E-EBEB-49C8-A73C-A9E0B7C62AF3}.Release|x86.ActiveCfg = Release|Win32
		{D686510E-EBEB-49C8-A73C-A9E0B7C62AF3}.Release|x86.Build.0 = Release|Win32
		{FD333286-6F9B-4706-9E80-3A57CE7C81C8}.Debug|x64.ActiveCfg = Debug|x64
		{FD333286-6F9B-4706-9E80-3A57CE7C81C8}.Debug|x64.Build.0 = Debug|x64
		{FD333286-6F9B-4706-9E80-3A57CE7C81C8}.Debug|x86.ActiveCfg = Debug|Win32
		{FD333286-6F9B-4706-9E80-3A57CE7C81C8}.Debug|x86.Build.0 = Debug|Win32
		{FD333286-6F9B-4706-9E80-3A57CE7C81C8}.Release|x64.ActiveCfg = Release|x64
		{FD333286-6F9B-4706-9E80-3A57CE7C81C8}.Release|x64.Build.0 = Release|x64
		{FD333286-6F9B-4706-9E80-3A57CE7C81C8}.Release|x86.ActiveCfg = Release|Win32
		{FD333286-6F9B-4706-9E80-3A57CE7C81C8}.Release|x86.Build.0 = Release|Win32
		{78A01474-AAE6-466F-9709-EBA7F42CAF0B}.Debug|x64.ActiveCfg = Debug|x64
		{78A01474-AAE6-466F-9709-EBA7F42CAF0B}.Debug|x64.Build.0 = Debug|x64
		{78A01474-AAE6-466F-9709-EBA7F42CAF0B}.Debug|x86.ActiveCfg = Debug|Win32
		{78A01474-AAE6-466F-9709-EBA7F42CAF0B}.Debug|x86.Build.0 = Debug|Win32
		{78A01474-AAE6-466F-9709-EBA7F42CAF0B}.Release|x64.ActiveCfg = Release|x64
		{78A01474-AAE6-466F-9709-EBA7F42CAF0B}.Release|x64.Build.0 = Release|x64
		{78A01474-AAE6-466F-9709-EBA7F42CAF0B}.Release|x86.ActiveCfg = Release|Win32
		{78A01474-AAE6-466F-9709-EBA7F42CAF0B}.Release|x86.Build.0 = Release|Win32
		{B8E1344A-6366-4608-816B-3999FF5C2AB9}.Debug|x64.ActiveCfg = Debug|x64
		{B8E1344A-6366-4608-816B-3999FF5C2AB9}.Debug|x64.Build.0 = Debug|x64
		{B8E1344A-6366-4608-816B-3999FF5C2AB9}.Debug|x86.ActiveCfg = Debug|Win32
		{B8E1344A-6366-4608-816B-3999FF5C2AB9}.Debug|x86.Build.0 = Debug|Win32
		{B8E1344A-6366-4608-816B-3999FF5C2AB9}.Release|x64.ActiveCfg = Release|x64
		{B8E1344A-6366-4608-816B-3999FF5C2AB9}.Release|x64.Build.0 = Release|x64
		{B8E1344A-6366-4608-816B-3999FF5C2AB9}.Release|x86.ActiveCfg = Release|Win32
		{B8E1344A-6366-4608-816B-3999FF5C2AB9}.Release|x86.Build.0 = Release|Win32
		{25836690-2FAF-4CC4-A5C2-07D612CAFDE3}.Debug|x64.ActiveCfg = Debug|x64
		{25836690-2FAF-4CC4-A5C2-07D612CAFDE3}.Debug|x64.Build.0 = Debug|x64
		{25836690-2FAF-4CC4-A5C2-07D612CAFDE3}.Debug|x86.ActiveCfg = Debug|Win32
		{25836690-2FAF-4CC4-A5C2-07D612CAFDE3}.Debug|x86.Build.0 = Debug|Win32
		{25836690-2FAF-4CC4-A5C2-07D612CAFDE3}.Release|x64.ActiveCfg = Release|x64
		{25836690-2FAF-4CC4-A5C2-07D612CAFDE3}.Release|x64.Build.0 = Release|x64
		{25836690-2FAF-4CC4-A5C2-07D612CAFDE3}.Release|x86.ActiveCfg = Release|Win32
		{25836690-2FAF-4CC4-A5C2-07D612CAFDE3}.Release|x86.Build.0 = Release|Win32
		{78D5F2D5-FE49-47EE-BD6C-B921AF726043}.Debug|x64.ActiveCfg = Debug|x64
		{78D5F2D5-FE49-47EE-BD6C-B921AF726043}.Debug|x64.Build.0 = Debug|x64
		{78D5F2D5-FE49-47EE-BD6C-B921AF726043}.Debug|x86.ActiveCfg = Debug|Win32
		{78D5F2D5-FE49-47EE-BD6C-B921AF726043}.Debug|x86.Build.0 = Debug|Win32
		{78D5F2D5-FE49-47EE-BD6C-B921AF726043}.Release|x64.ActiveCfg = Release|x64
		{78D5F2D5-FE49-47EE-BD6C-B921AF726043}.Release|x64.Build.0 = Release|x64
		{78D5F2D5-FE49-47EE-BD6C-B921AF726043}.Release|x86.ActiveCfg = Release|Win32
		{78D5F2D5-FE49-47EE-BD6C-B921AF726043}.Release|x86.Build.0 = Release|Win32
		{22D5A50B-F15C-40E2-BE32-E0471FC0A7A0}.Debug|x64.ActiveCfg = Debug|x64
		{22D5A50B-F15C-40E2-BE32-E0471FC0A7A0}.Debug|x64.Build.0 = Debug|x64
		{22D5A50B-F15C-40E2-BE32-E0471FC0A7A0}.Debug|x86.ActiveCfg = Debug|Win32
		{22D5A50B-F15C-40E2-BE32-E0471FC0A7A0}.Debug|x86.Build.0 = Debug|Win32
		{22D5A50B-F15C-40E2-BE32-E0471FC0A7A0}.Release|x64.ActiveCfg = Release|x64
		{22D5A50B-F15C-40E2-BE32-E0471FC0A7A0}.Release|x64.Build.0 = Release|x64
		{22D5A50B-F15C-40E2-BE32-E0471FC0A7A0}.Release|x86.ActiveCfg = Release|Win32
		{22D5A50B-F15C-40E2-BE32-E0471FC0A7A0}.Release|x86.Build.0 = Release|Win32
		{9EC93C6A-17C3-4409-B443-47A4D4B6F34A}.Debug|x64.ActiveCfg = Debug|x64
		{9EC93C6A-17C3-4409-B443-47A4D4B6F34A}.Debug|x64.Build.0 = Debug|x64
		{9EC93C6A-17C3-4409-B443-47A4D4B6F34A}.Debug|x86.ActiveCfg = Debug|Win32
		{9EC93C6A-17C3-4409-B443-47A4D4B6F34A}.Debug|x86.Build.0 = Debug|Win32
		{9EC93C6A-17C3-4409-B443-47A4D4B6F34A}.Release|x64.ActiveCfg = Release|x64
		{9EC93C6A-17C3-4409-B443-47A4D4B6F34A}.Release|x64.Build.0 = Release|x64
		{9EC93C6A-17C3-4409-B443-47A4D4B6F34A}.Release|x86.ActiveCfg = Release|Win32
		{9EC93C6A-17C3-4409-B443-47A4D4B6F34A}.Release|x86.Build.0 = Release|Win32
		{1E3D4044-2EC4-4DDC-8CE6-4A966415FC16}.Debug|x64.ActiveCfg = Debug|x64
		{1E3D4044-2EC4-4DDC-8CE6-4A966415FC16}.Debug|x64.Build.0 = Debug|x64
		{1E3D4044-2EC4-4DDC-8CE6-4A966415FC16}.Debug|x86.ActiveCfg = Debug|Win32
		{1E3D4044-2EC4-4DDC-8CE6-4A966415FC16}.Debug|x86.Build.0 = Debug|Win32
		{1E3D4044-2EC4-4DDC-8CE6-4A966415FC16}.Release|x64.ActiveCfg = Release|x64
		{1E3D4044-2EC4-4DDC-8CE6-4A966415FC16}.Release|x64.Build.0 = Release|x64
		{1E3D4044-2EC4-4DDC-8CE6-4A966415FC16}.Release|x86.ActiveCfg = Release|Win32
		{1E3D4044-2EC4-4DDC-8CE6-4A966415FC16}.Release|x86.Build.0 = Release|Win32
	EndGlobalSection
	GlobalSection(SolutionProperties) = preSolution
		HideSolutionNode = FALSE
	EndGlobalSection
EndGlobal
