
Microsoft Visual Studio Solution File, Format Version 12.00
# Visual Studio 15
VisualStudioVersion = 15.0.27130.2027
MinimumVisualStudioVersion = 10.0.40219.1
Project("{8BC9CEB8-8B4A-11D0-8D11-00A0C91BC942}") = "탐색", "탐색\탐색.vcxproj", "{66B1BE01-E5AA-451D-BA19-EF9039A645C1}"
EndProject
Project("{8BC9CEB8-8B4A-11D0-8D11-00A0C91BC942}") = "정렬되지 않은 배열에서의 탐색", "정렬되지 않은 배열에서의 탐색\정렬되지 않은 배열에서의 탐색.vcxproj", "{C305CA32-480A-49A9-B24F-F30C60294002}"
EndProject
Project("{8BC9CEB8-8B4A-11D0-8D11-00A0C91BC942}") = "정렬된 배열에서의 순차 탐색", "정렬된 배열에서의 순차 탐색\정렬된 배열에서의 순차 탐색.vcxproj", "{96FA30CC-9E8D-4E02-959E-139C1001D2F6}"
EndProject
Project("{8BC9CEB8-8B4A-11D0-8D11-00A0C91BC942}") = "정렬된 배열에서의 이진 탐색", "정렬된 배열에서의 이진 탐색\정렬된 배열에서의 이진 탐색.vcxproj", "{4FB9EDCE-0090-4A1E-A061-9836F30C247B}"
EndProject
Project("{8BC9CEB8-8B4A-11D0-8D11-00A0C91BC942}") = "색인 순차 탐색", "색인 순차 탐색\색인 순차 탐색.vcxproj", "{DBB6CE8B-3D30-4DC7-BBEE-4B2C8913C5FD}"
EndProject
Project("{8BC9CEB8-8B4A-11D0-8D11-00A0C91BC942}") = "보간 검색", "보간 검색\보간 검색.vcxproj", "{36C885F0-BB69-49FD-99BD-18A8918D5265}"
EndProject
Project("{8BC9CEB8-8B4A-11D0-8D11-00A0C91BC942}") = "균형 이진 탐색 트리 AVL", "균형 이진 탐색 트리 AVL\균형 이진 탐색 트리 AVL.vcxproj", "{E79DF270-57B8-4E4A-BF8A-D971874024F5}"
EndProject
Project("{8BC9CEB8-8B4A-11D0-8D11-00A0C91BC942}") = "해싱", "해싱\해싱.vcxproj", "{2AABD7D2-EA17-4425-A0AE-50E8A37A6845}"
EndProject
Project("{8BC9CEB8-8B4A-11D0-8D11-00A0C91BC942}") = "체이닝", "체이닝\체이닝.vcxproj", "{470E90B9-D539-4F97-9359-204F4B3FB696}"
EndProject
Project("{8BC9CEB8-8B4A-11D0-8D11-00A0C91BC942}") = "해싱의 성능 분석 및 해싱과 다른 탐색 방법의 비교", "해싱의 성능 분석 및 해싱과 다른 탐색 방법의 비교\해싱의 성능 분석 및 해싱과 다른 탐색 방법의 비교.vcxproj", "{0CF0921A-C16C-4B9D-B995-8420CC6956F0}"
EndProject
Project("{8BC9CEB8-8B4A-11D0-8D11-00A0C91BC942}") = "STL 맵 클래스의 활용_영어 단어장", "STL 맵 클래스의 활용_영어 단어장\STL 맵 클래스의 활용_영어 단어장.vcxproj", "{74FC26FF-DA99-4DE4-B294-3D900F1CFA08}"
EndProject
Global
	GlobalSection(SolutionConfigurationPlatforms) = preSolution
		Debug|x64 = Debug|x64
		Debug|x86 = Debug|x86
		Release|x64 = Release|x64
		Release|x86 = Release|x86
	EndGlobalSection
	GlobalSection(ProjectConfigurationPlatforms) = postSolution
		{66B1BE01-E5AA-451D-BA19-EF9039A645C1}.Debug|x64.ActiveCfg = Debug|x64
		{66B1BE01-E5AA-451D-BA19-EF9039A645C1}.Debug|x64.Build.0 = Debug|x64
		{66B1BE01-E5AA-451D-BA19-EF9039A645C1}.Debug|x86.ActiveCfg = Debug|Win32
		{66B1BE01-E5AA-451D-BA19-EF9039A645C1}.Debug|x86.Build.0 = Debug|Win32
		{66B1BE01-E5AA-451D-BA19-EF9039A645C1}.Release|x64.ActiveCfg = Release|x64
		{66B1BE01-E5AA-451D-BA19-EF9039A645C1}.Release|x64.Build.0 = Release|x64
		{66B1BE01-E5AA-451D-BA19-EF9039A645C1}.Release|x86.ActiveCfg = Release|Win32
		{66B1BE01-E5AA-451D-BA19-EF9039A645C1}.Release|x86.Build.0 = Release|Win32
		{C305CA32-480A-49A9-B24F-F30C60294002}.Debug|x64.ActiveCfg = Debug|x64
		{C305CA32-480A-49A9-B24F-F30C60294002}.Debug|x64.Build.0 = Debug|x64
		{C305CA32-480A-49A9-B24F-F30C60294002}.Debug|x86.ActiveCfg = Debug|Win32
		{C305CA32-480A-49A9-B24F-F30C60294002}.Debug|x86.Build.0 = Debug|Win32
		{C305CA32-480A-49A9-B24F-F30C60294002}.Release|x64.ActiveCfg = Release|x64
		{C305CA32-480A-49A9-B24F-F30C60294002}.Release|x64.Build.0 = Release|x64
		{C305CA32-480A-49A9-B24F-F30C60294002}.Release|x86.ActiveCfg = Release|Win32
		{C305CA32-480A-49A9-B24F-F30C60294002}.Release|x86.Build.0 = Release|Win32
		{96FA30CC-9E8D-4E02-959E-139C1001D2F6}.Debug|x64.ActiveCfg = Debug|x64
		{96FA30CC-9E8D-4E02-959E-139C1001D2F6}.Debug|x64.Build.0 = Debug|x64
		{96FA30CC-9E8D-4E02-959E-139C1001D2F6}.Debug|x86.ActiveCfg = Debug|Win32
		{96FA30CC-9E8D-4E02-959E-139C1001D2F6}.Debug|x86.Build.0 = Debug|Win32
		{96FA30CC-9E8D-4E02-959E-139C1001D2F6}.Release|x64.ActiveCfg = Release|x64
		{96FA30CC-9E8D-4E02-959E-139C1001D2F6}.Release|x64.Build.0 = Release|x64
		{96FA30CC-9E8D-4E02-959E-139C1001D2F6}.Release|x86.ActiveCfg = Release|Win32
		{96FA30CC-9E8D-4E02-959E-139C1001D2F6}.Release|x86.Build.0 = Release|Win32
		{4FB9EDCE-0090-4A1E-A061-9836F30C247B}.Debug|x64.ActiveCfg = Debug|x64
		{4FB9EDCE-0090-4A1E-A061-9836F30C247B}.Debug|x64.Build.0 = Debug|x64
		{4FB9EDCE-0090-4A1E-A061-9836F30C247B}.Debug|x86.ActiveCfg = Debug|Win32
		{4FB9EDCE-0090-4A1E-A061-9836F30C247B}.Debug|x86.Build.0 = Debug|Win32
		{4FB9EDCE-0090-4A1E-A061-9836F30C247B}.Release|x64.ActiveCfg = Release|x64
		{4FB9EDCE-0090-4A1E-A061-9836F30C247B}.Release|x64.Build.0 = Release|x64
		{4FB9EDCE-0090-4A1E-A061-9836F30C247B}.Release|x86.ActiveCfg = Release|Win32
		{4FB9EDCE-0090-4A1E-A061-9836F30C247B}.Release|x86.Build.0 = Release|Win32
		{DBB6CE8B-3D30-4DC7-BBEE-4B2C8913C5FD}.Debug|x64.ActiveCfg = Debug|x64
		{DBB6CE8B-3D30-4DC7-BBEE-4B2C8913C5FD}.Debug|x64.Build.0 = Debug|x64
		{DBB6CE8B-3D30-4DC7-BBEE-4B2C8913C5FD}.Debug|x86.ActiveCfg = Debug|Win32
		{DBB6CE8B-3D30-4DC7-BBEE-4B2C8913C5FD}.Debug|x86.Build.0 = Debug|Win32
		{DBB6CE8B-3D30-4DC7-BBEE-4B2C8913C5FD}.Release|x64.ActiveCfg = Release|x64
		{DBB6CE8B-3D30-4DC7-BBEE-4B2C8913C5FD}.Release|x64.Build.0 = Release|x64
		{DBB6CE8B-3D30-4DC7-BBEE-4B2C8913C5FD}.Release|x86.ActiveCfg = Release|Win32
		{DBB6CE8B-3D30-4DC7-BBEE-4B2C8913C5FD}.Release|x86.Build.0 = Release|Win32
		{36C885F0-BB69-49FD-99BD-18A8918D5265}.Debug|x64.ActiveCfg = Debug|x64
		{36C885F0-BB69-49FD-99BD-18A8918D5265}.Debug|x64.Build.0 = Debug|x64
		{36C885F0-BB69-49FD-99BD-18A8918D5265}.Debug|x86.ActiveCfg = Debug|Win32
		{36C885F0-BB69-49FD-99BD-18A8918D5265}.Debug|x86.Build.0 = Debug|Win32
		{36C885F0-BB69-49FD-99BD-18A8918D5265}.Release|x64.ActiveCfg = Release|x64
		{36C885F0-BB69-49FD-99BD-18A8918D5265}.Release|x64.Build.0 = Release|x64
		{36C885F0-BB69-49FD-99BD-18A8918D5265}.Release|x86.ActiveCfg = Release|Win32
		{36C885F0-BB69-49FD-99BD-18A8918D5265}.Release|x86.Build.0 = Release|Win32
		{E79DF270-57B8-4E4A-BF8A-D971874024F5}.Debug|x64.ActiveCfg = Debug|x64
		{E79DF270-57B8-4E4A-BF8A-D971874024F5}.Debug|x64.Build.0 = Debug|x64
		{E79DF270-57B8-4E4A-BF8A-D971874024F5}.Debug|x86.ActiveCfg = Debug|Win32
		{E79DF270-57B8-4E4A-BF8A-D971874024F5}.Debug|x86.Build.0 = Debug|Win32
		{E79DF270-57B8-4E4A-BF8A-D971874024F5}.Release|x64.ActiveCfg = Release|x64
		{E79DF270-57B8-4E4A-BF8A-D971874024F5}.Release|x64.Build.0 = Release|x64
		{E79DF270-57B8-4E4A-BF8A-D971874024F5}.Release|x86.ActiveCfg = Release|Win32
		{E79DF270-57B8-4E4A-BF8A-D971874024F5}.Release|x86.Build.0 = Release|Win32
		{2AABD7D2-EA17-4425-A0AE-50E8A37A6845}.Debug|x64.ActiveCfg = Debug|x64
		{2AABD7D2-EA17-4425-A0AE-50E8A37A6845}.Debug|x64.Build.0 = Debug|x64
		{2AABD7D2-EA17-4425-A0AE-50E8A37A6845}.Debug|x86.ActiveCfg = Debug|Win32
		{2AABD7D2-EA17-4425-A0AE-50E8A37A6845}.Debug|x86.Build.0 = Debug|Win32
		{2AABD7D2-EA17-4425-A0AE-50E8A37A6845}.Release|x64.ActiveCfg = Release|x64
		{2AABD7D2-EA17-4425-A0AE-50E8A37A6845}.Release|x64.Build.0 = Release|x64
		{2AABD7D2-EA17-4425-A0AE-50E8A37A6845}.Release|x86.ActiveCfg = Release|Win32
		{2AABD7D2-EA17-4425-A0AE-50E8A37A6845}.Release|x86.Build.0 = Release|Win32
		{470E90B9-D539-4F97-9359-204F4B3FB696}.Debug|x64.ActiveCfg = Debug|x64
		{470E90B9-D539-4F97-9359-204F4B3FB696}.Debug|x64.Build.0 = Debug|x64
		{470E90B9-D539-4F97-9359-204F4B3FB696}.Debug|x86.ActiveCfg = Debug|Win32
		{470E90B9-D539-4F97-9359-204F4B3FB696}.Debug|x86.Build.0 = Debug|Win32
		{470E90B9-D539-4F97-9359-204F4B3FB696}.Release|x64.ActiveCfg = Release|x64
		{470E90B9-D539-4F97-9359-204F4B3FB696}.Release|x64.Build.0 = Release|x64
		{470E90B9-D539-4F97-9359-204F4B3FB696}.Release|x86.ActiveCfg = Release|Win32
		{470E90B9-D539-4F97-9359-204F4B3FB696}.Release|x86.Build.0 = Release|Win32
		{0CF0921A-C16C-4B9D-B995-8420CC6956F0}.Debug|x64.ActiveCfg = Debug|x64
		{0CF0921A-C16C-4B9D-B995-8420CC6956F0}.Debug|x64.Build.0 = Debug|x64
		{0CF0921A-C16C-4B9D-B995-8420CC6956F0}.Debug|x86.ActiveCfg = Debug|Win32
		{0CF0921A-C16C-4B9D-B995-8420CC6956F0}.Debug|x86.Build.0 = Debug|Win32
		{0CF0921A-C16C-4B9D-B995-8420CC6956F0}.Release|x64.ActiveCfg = Release|x64
		{0CF0921A-C16C-4B9D-B995-8420CC6956F0}.Release|x64.Build.0 = Release|x64
		{0CF0921A-C16C-4B9D-B995-8420CC6956F0}.Release|x86.ActiveCfg = Release|Win32
		{0CF0921A-C16C-4B9D-B995-8420CC6956F0}.Release|x86.Build.0 = Release|Win32
		{74FC26FF-DA99-4DE4-B294-3D900F1CFA08}.Debug|x64.ActiveCfg = Debug|x64
		{74FC26FF-DA99-4DE4-B294-3D900F1CFA08}.Debug|x64.Build.0 = Debug|x64
		{74FC26FF-DA99-4DE4-B294-3D900F1CFA08}.Debug|x86.ActiveCfg = Debug|Win32
		{74FC26FF-DA99-4DE4-B294-3D900F1CFA08}.Debug|x86.Build.0 = Debug|Win32
		{74FC26FF-DA99-4DE4-B294-3D900F1CFA08}.Release|x64.ActiveCfg = Release|x64
		{74FC26FF-DA99-4DE4-B294-3D900F1CFA08}.Release|x64.Build.0 = Release|x64
		{74FC26FF-DA99-4DE4-B294-3D900F1CFA08}.Release|x86.ActiveCfg = Release|Win32
		{74FC26FF-DA99-4DE4-B294-3D900F1CFA08}.Release|x86.Build.0 = Release|Win32
	EndGlobalSection
	GlobalSection(SolutionProperties) = preSolution
		HideSolutionNode = FALSE
	EndGlobalSection
	GlobalSection(ExtensibilityGlobals) = postSolution
		SolutionGuid = {2C67D783-DDB0-45AD-BCC6-F4B6C2B5E473}
	EndGlobalSection
EndGlobal
