
Microsoft Visual Studio Solution File, Format Version 12.00
# Visual Studio 15
VisualStudioVersion = 15.0.26430.16
MinimumVisualStudioVersion = 10.0.40219.1
Project("{8BC9CEB8-8B4A-11D0-8D11-00A0C91BC942}") = "2차원 배열의 동적 할당", "2차원 배열의 동적 할당\2차원 배열의 동적 할당.vcxproj", "{13725E63-3BA0-4919-9E33-E1421D2E2FA3}"
EndProject
Project("{8BC9CEB8-8B4A-11D0-8D11-00A0C91BC942}") = "연결리스트를 이용한 스택", "연결리스트를 이용한 스택\연결리스트를 이용한 스택.vcxproj", "{CEAD2C37-3AC6-4645-AF0D-4B2D8B0E402D}"
EndProject
Project("{8BC9CEB8-8B4A-11D0-8D11-00A0C91BC942}") = "연결리스트를 이용한 큐", "연결리스트를 이용한 큐\연결리스트를 이용한 큐.vcxproj", "{243B0B6D-6562-4510-A40C-2A79A84E10E6}"
EndProject
Project("{8BC9CEB8-8B4A-11D0-8D11-00A0C91BC942}") = "미로 탐색 문제", "미로 탐색 문제\미로 탐색 문제.vcxproj", "{1FA71A64-1671-400A-9289-55228DBDA0D0}"
EndProject
Global
	GlobalSection(SolutionConfigurationPlatforms) = preSolution
		Debug|x64 = Debug|x64
		Debug|x86 = Debug|x86
		Release|x64 = Release|x64
		Release|x86 = Release|x86
	EndGlobalSection
	GlobalSection(ProjectConfigurationPlatforms) = postSolution
		{13725E63-3BA0-4919-9E33-E1421D2E2FA3}.Debug|x64.ActiveCfg = Debug|x64
		{13725E63-3BA0-4919-9E33-E1421D2E2FA3}.Debug|x64.Build.0 = Debug|x64
		{13725E63-3BA0-4919-9E33-E1421D2E2FA3}.Debug|x86.ActiveCfg = Debug|Win32
		{13725E63-3BA0-4919-9E33-E1421D2E2FA3}.Debug|x86.Build.0 = Debug|Win32
		{13725E63-3BA0-4919-9E33-E1421D2E2FA3}.Release|x64.ActiveCfg = Release|x64
		{13725E63-3BA0-4919-9E33-E1421D2E2FA3}.Release|x64.Build.0 = Release|x64
		{13725E63-3BA0-4919-9E33-E1421D2E2FA3}.Release|x86.ActiveCfg = Release|Win32
		{13725E63-3BA0-4919-9E33-E1421D2E2FA3}.Release|x86.Build.0 = Release|Win32
		{CEAD2C37-3AC6-4645-AF0D-4B2D8B0E402D}.Debug|x64.ActiveCfg = Debug|x64
		{CEAD2C37-3AC6-4645-AF0D-4B2D8B0E402D}.Debug|x64.Build.0 = Debug|x64
		{CEAD2C37-3AC6-4645-AF0D-4B2D8B0E402D}.Debug|x86.ActiveCfg = Debug|Win32
		{CEAD2C37-3AC6-4645-AF0D-4B2D8B0E402D}.Debug|x86.Build.0 = Debug|Win32
		{CEAD2C37-3AC6-4645-AF0D-4B2D8B0E402D}.Release|x64.ActiveCfg = Release|x64
		{CEAD2C37-3AC6-4645-AF0D-4B2D8B0E402D}.Release|x64.Build.0 = Release|x64
		{CEAD2C37-3AC6-4645-AF0D-4B2D8B0E402D}.Release|x86.ActiveCfg = Release|Win32
		{CEAD2C37-3AC6-4645-AF0D-4B2D8B0E402D}.Release|x86.Build.0 = Release|Win32
		{243B0B6D-6562-4510-A40C-2A79A84E10E6}.Debug|x64.ActiveCfg = Debug|x64
		{243B0B6D-6562-4510-A40C-2A79A84E10E6}.Debug|x64.Build.0 = Debug|x64
		{243B0B6D-6562-4510-A40C-2A79A84E10E6}.Debug|x86.ActiveCfg = Debug|Win32
		{243B0B6D-6562-4510-A40C-2A79A84E10E6}.Debug|x86.Build.0 = Debug|Win32
		{243B0B6D-6562-4510-A40C-2A79A84E10E6}.Release|x64.ActiveCfg = Release|x64
		{243B0B6D-6562-4510-A40C-2A79A84E10E6}.Release|x64.Build.0 = Release|x64
		{243B0B6D-6562-4510-A40C-2A79A84E10E6}.Release|x86.ActiveCfg = Release|Win32
		{243B0B6D-6562-4510-A40C-2A79A84E10E6}.Release|x86.Build.0 = Release|Win32
		{1FA71A64-1671-400A-9289-55228DBDA0D0}.Debug|x64.ActiveCfg = Debug|x64
		{1FA71A64-1671-400A-9289-55228DBDA0D0}.Debug|x64.Build.0 = Debug|x64
		{1FA71A64-1671-400A-9289-55228DBDA0D0}.Debug|x86.ActiveCfg = Debug|Win32
		{1FA71A64-1671-400A-9289-55228DBDA0D0}.Debug|x86.Build.0 = Debug|Win32
		{1FA71A64-1671-400A-9289-55228DBDA0D0}.Release|x64.ActiveCfg = Release|x64
		{1FA71A64-1671-400A-9289-55228DBDA0D0}.Release|x64.Build.0 = Release|x64
		{1FA71A64-1671-400A-9289-55228DBDA0D0}.Release|x86.ActiveCfg = Release|Win32
		{1FA71A64-1671-400A-9289-55228DBDA0D0}.Release|x86.Build.0 = Release|Win32
	EndGlobalSection
	GlobalSection(SolutionProperties) = preSolution
		HideSolutionNode = FALSE
	EndGlobalSection
EndGlobal
